
Microsoft Visual Studio Solution File, Format Version 11.00
# Visual Studio 2010
Project("{FAE04EC0-301F-11D3-BF4B-00C04F79EFBC}") = "Editor titulek", "Editor titulek\Editor titulek.csproj", "{798619B9-165E-4A2E-91E7-1A2933C8B92A}"
EndProject
Global
	GlobalSection(SolutionConfigurationPlatforms) = preSolution
		Debug|Any CPU = Debug|Any CPU
		Release|Any CPU = Release|Any CPU
	EndGlobalSection
	GlobalSection(ProjectConfigurationPlatforms) = postSolution
		{798619B9-165E-4A2E-91E7-1A2933C8B92A}.Debug|Any CPU.ActiveCfg = Debug|Any CPU
		{798619B9-165E-4A2E-91E7-1A2933C8B92A}.Debug|Any CPU.Build.0 = Debug|Any CPU
		{798619B9-165E-4A2E-91E7-1A2933C8B92A}.Release|Any CPU.ActiveCfg = Release|Any CPU
		{798619B9-165E-4A2E-91E7-1A2933C8B92A}.Release|Any CPU.Build.0 = Release|Any CPU
	EndGlobalSection
	GlobalSection(SolutionProperties) = preSolution
		HideSolutionNode = FALSE
	EndGlobalSection
EndGlobal
